<?xml version="1.0" encoding="utf-8"?>
<Project ToolsVersion="17.0" xmlns="http://schemas.microsoft.com/developer/msbuild/2003">
  <ItemGroup>
    <ClCompile Include="C:\Users\josee\OneDrive\Ambiente de Trabalho\OpenDream\DMCompilerCpp\src\main.cpp">
      <Filter>Source Files</Filter>
    </ClCompile>
  </ItemGroup>
  <ItemGroup>
    <CustomBuild Include="C:\Users\josee\OneDrive\Ambiente de Trabalho\OpenDream\DMCompilerCpp\CMakeLists.txt" />
  </ItemGroup>
  <ItemGroup>
    <Filter Include="Source Files">
      <UniqueIdentifier>{1259E70A-DD3A-30A7-B85C-081FCA14ED89}</UniqueIdentifier>
    </Filter>
  </ItemGroup>
</Project>
