<?xml version="1.0" encoding="utf-8"?>
<Project ToolsVersion="17.0" xmlns="http://schemas.microsoft.com/developer/msbuild/2003">
  <ItemGroup>
    <ClCompile Include="C:\Users\josee\OneDrive\Ambiente de Trabalho\OpenDream\DMCompilerCpp\src\DMCompiler.cpp">
      <Filter>Source Files</Filter>
    </ClCompile>
    <ClCompile Include="C:\Users\josee\OneDrive\Ambiente de Trabalho\OpenDream\DMCompilerCpp\src\Lexer.cpp">
      <Filter>Source Files</Filter>
    </ClCompile>
    <ClCompile Include="C:\Users\josee\OneDrive\Ambiente de Trabalho\OpenDream\DMCompilerCpp\src\Token.cpp">
      <Filter>Source Files</Filter>
    </ClCompile>
    <ClCompile Include="C:\Users\josee\OneDrive\Ambiente de Trabalho\OpenDream\DMCompilerCpp\src\Location.cpp">
      <Filter>Source Files</Filter>
    </ClCompile>
    <ClCompile Include="C:\Users\josee\OneDrive\Ambiente de Trabalho\OpenDream\DMCompilerCpp\src\DMPreprocessor.cpp">
      <Filter>Source Files</Filter>
    </ClCompile>
    <ClCompile Include="C:\Users\josee\OneDrive\Ambiente de Trabalho\OpenDream\DMCompilerCpp\src\DMLexer.cpp">
      <Filter>Source Files</Filter>
    </ClCompile>
    <ClCompile Include="C:\Users\josee\OneDrive\Ambiente de Trabalho\OpenDream\DMCompilerCpp\src\DMAST.cpp">
      <Filter>Source Files</Filter>
    </ClCompile>
    <ClCompile Include="C:\Users\josee\OneDrive\Ambiente de Trabalho\OpenDream\DMCompilerCpp\src\DMParser.cpp">
      <Filter>Source Files</Filter>
    </ClCompile>
    <ClCompile Include="C:\Users\josee\OneDrive\Ambiente de Trabalho\OpenDream\DMCompilerCpp\src\DMObject.cpp">
      <Filter>Source Files</Filter>
    </ClCompile>
    <ClCompile Include="C:\Users\josee\OneDrive\Ambiente de Trabalho\OpenDream\DMCompilerCpp\src\DMVariable.cpp">
      <Filter>Source Files</Filter>
    </ClCompile>
    <ClCompile Include="C:\Users\josee\OneDrive\Ambiente de Trabalho\OpenDream\DMCompilerCpp\src\DMObjectTree.cpp">
      <Filter>Source Files</Filter>
    </ClCompile>
    <ClCompile Include="C:\Users\josee\OneDrive\Ambiente de Trabalho\OpenDream\DMCompilerCpp\src\DMCodeTree.cpp">
      <Filter>Source Files</Filter>
    </ClCompile>
    <ClCompile Include="C:\Users\josee\OneDrive\Ambiente de Trabalho\OpenDream\DMCompilerCpp\src\DMProc.cpp">
      <Filter>Source Files</Filter>
    </ClCompile>
    <ClCompile Include="C:\Users\josee\OneDrive\Ambiente de Trabalho\OpenDream\DMCompilerCpp\src\DMExpression.cpp">
      <Filter>Source Files</Filter>
    </ClCompile>
    <ClCompile Include="C:\Users\josee\OneDrive\Ambiente de Trabalho\OpenDream\DMCompilerCpp\src\DreamPath.cpp">
      <Filter>Source Files</Filter>
    </ClCompile>
    <ClCompile Include="C:\Users\josee\OneDrive\Ambiente de Trabalho\OpenDream\DMCompilerCpp\src\BytecodeEmitter.cpp">
      <Filter>Source Files</Filter>
    </ClCompile>
    <ClCompile Include="C:\Users\josee\OneDrive\Ambiente de Trabalho\OpenDream\DMCompilerCpp\src\OpcodeDefinitions.cpp">
      <Filter>Source Files</Filter>
    </ClCompile>
    <ClCompile Include="C:\Users\josee\OneDrive\Ambiente de Trabalho\OpenDream\DMCompilerCpp\src\DMMParser.cpp">
      <Filter>Source Files</Filter>
    </ClCompile>
    <ClCompile Include="C:\Users\josee\OneDrive\Ambiente de Trabalho\OpenDream\DMCompilerCpp\src\JsonOutput.cpp">
      <Filter>Source Files</Filter>
    </ClCompile>
  </ItemGroup>
  <ItemGroup>
    <CustomBuild Include="C:\Users\josee\OneDrive\Ambiente de Trabalho\OpenDream\DMCompilerCpp\CMakeLists.txt" />
  </ItemGroup>
  <ItemGroup>
    <Filter Include="Source Files">
      <UniqueIdentifier>{1259E70A-DD3A-30A7-B85C-081FCA14ED89}</UniqueIdentifier>
    </Filter>
  </ItemGroup>
</Project>
