
Microsoft Visual Studio Solution File, Format Version 12.00
# Visual Studio Version 17
Project("{8BC9CEB8-8B4A-11D0-8D11-00A0C91BC942}") = "ALL_BUILD", "ALL_BUILD.vcxproj", "{386FF552-5A50-3E45-9CB7-56B9574EBF6C}"
	ProjectSection(ProjectDependencies) = postProject
		{D559A1A2-476F-3F70-B147-E5637C412D38} = {D559A1A2-476F-3F70-B147-E5637C412D38}
		{57A3CD7D-D6A6-38D7-A694-F0C7D07A5E48} = {57A3CD7D-D6A6-38D7-A694-F0C7D07A5E48}
		{A4C7B28F-C336-3B1C-A085-29F476EF7FA5} = {A4C7B28F-C336-3B1C-A085-29F476EF7FA5}
		{9C239F7B-C9CF-3C64-BA98-CB2850CF4F02} = {9C239F7B-C9CF-3C64-BA98-CB2850CF4F02}
		{6192691D-6DEC-3B34-A47A-B5C1819A9C48} = {6192691D-6DEC-3B34-A47A-B5C1819A9C48}
	EndProjectSection
EndProject
Project("{8BC9CEB8-8B4A-11D0-8D11-00A0C91BC942}") = "DMCompilerLib", "DMCompilerLib.vcxproj", "{D559A1A2-476F-3F70-B147-E5637C412D38}"
	ProjectSection(ProjectDependencies) = postProject
		{57A3CD7D-D6A6-38D7-A694-F0C7D07A5E48} = {57A3CD7D-D6A6-38D7-A694-F0C7D07A5E48}
	EndProjectSection
EndProject
Project("{8BC9CEB8-8B4A-11D0-8D11-00A0C91BC942}") = "INSTALL", "INSTALL.vcxproj", "{548302F0-4144-3D90-A4A3-B8D0243D077F}"
	ProjectSection(ProjectDependencies) = postProject
		{386FF552-5A50-3E45-9CB7-56B9574EBF6C} = {386FF552-5A50-3E45-9CB7-56B9574EBF6C}
		{57A3CD7D-D6A6-38D7-A694-F0C7D07A5E48} = {57A3CD7D-D6A6-38D7-A694-F0C7D07A5E48}
	EndProjectSection
EndProject
Project("{8BC9CEB8-8B4A-11D0-8D11-00A0C91BC942}") = "RUN_TESTS", "RUN_TESTS.vcxproj", "{55D7B6C2-0A0D-323B-96B7-5CBFE2E4B8D7}"
	ProjectSection(ProjectDependencies) = postProject
		{57A3CD7D-D6A6-38D7-A694-F0C7D07A5E48} = {57A3CD7D-D6A6-38D7-A694-F0C7D07A5E48}
	EndProjectSection
EndProject
Project("{8BC9CEB8-8B4A-11D0-8D11-00A0C91BC942}") = "ZERO_CHECK", "ZERO_CHECK.vcxproj", "{57A3CD7D-D6A6-38D7-A694-F0C7D07A5E48}"
	ProjectSection(ProjectDependencies) = postProject
	EndProjectSection
EndProject
Project("{8BC9CEB8-8B4A-11D0-8D11-00A0C91BC942}") = "dm_compiler_tests", "tests\dm_compiler_tests.vcxproj", "{A4C7B28F-C336-3B1C-A085-29F476EF7FA5}"
	ProjectSection(ProjectDependencies) = postProject
		{D559A1A2-476F-3F70-B147-E5637C412D38} = {D559A1A2-476F-3F70-B147-E5637C412D38}
		{57A3CD7D-D6A6-38D7-A694-F0C7D07A5E48} = {57A3CD7D-D6A6-38D7-A694-F0C7D07A5E48}
	EndProjectSection
EndProject
Project("{8BC9CEB8-8B4A-11D0-8D11-00A0C91BC942}") = "dmcompiler", "dmcompiler.vcxproj", "{9C239F7B-C9CF-3C64-BA98-CB2850CF4F02}"
	ProjectSection(ProjectDependencies) = postProject
		{D559A1A2-476F-3F70-B147-E5637C412D38} = {D559A1A2-476F-3F70-B147-E5637C412D38}
		{57A3CD7D-D6A6-38D7-A694-F0C7D07A5E48} = {57A3CD7D-D6A6-38D7-A694-F0C7D07A5E48}
	EndProjectSection
EndProject
Project("{8BC9CEB8-8B4A-11D0-8D11-00A0C91BC942}") = "dmdisasm", "dmdisasm.vcxproj", "{6192691D-6DEC-3B34-A47A-B5C1819A9C48}"
	ProjectSection(ProjectDependencies) = postProject
		{D559A1A2-476F-3F70-B147-E5637C412D38} = {D559A1A2-476F-3F70-B147-E5637C412D38}
		{57A3CD7D-D6A6-38D7-A694-F0C7D07A5E48} = {57A3CD7D-D6A6-38D7-A694-F0C7D07A5E48}
	EndProjectSection
EndProject
Global
	GlobalSection(SolutionConfigurationPlatforms) = preSolution
		Debug|x64 = Debug|x64
		Release|x64 = Release|x64
		MinSizeRel|x64 = MinSizeRel|x64
		RelWithDebInfo|x64 = RelWithDebInfo|x64
	EndGlobalSection
	GlobalSection(ProjectConfigurationPlatforms) = postSolution
		{386FF552-5A50-3E45-9CB7-56B9574EBF6C}.Debug|x64.ActiveCfg = Debug|x64
		{386FF552-5A50-3E45-9CB7-56B9574EBF6C}.Debug|x64.Build.0 = Debug|x64
		{386FF552-5A50-3E45-9CB7-56B9574EBF6C}.Release|x64.ActiveCfg = Release|x64
		{386FF552-5A50-3E45-9CB7-56B9574EBF6C}.Release|x64.Build.0 = Release|x64
		{386FF552-5A50-3E45-9CB7-56B9574EBF6C}.MinSizeRel|x64.ActiveCfg = MinSizeRel|x64
		{386FF552-5A50-3E45-9CB7-56B9574EBF6C}.MinSizeRel|x64.Build.0 = MinSizeRel|x64
		{386FF552-5A50-3E45-9CB7-56B9574EBF6C}.RelWithDebInfo|x64.ActiveCfg = RelWithDebInfo|x64
		{386FF552-5A50-3E45-9CB7-56B9574EBF6C}.RelWithDebInfo|x64.Build.0 = RelWithDebInfo|x64
		{D559A1A2-476F-3F70-B147-E5637C412D38}.Debug|x64.ActiveCfg = Debug|x64
		{D559A1A2-476F-3F70-B147-E5637C412D38}.Debug|x64.Build.0 = Debug|x64
		{D559A1A2-476F-3F70-B147-E5637C412D38}.Release|x64.ActiveCfg = Release|x64
		{D559A1A2-476F-3F70-B147-E5637C412D38}.Release|x64.Build.0 = Release|x64
		{D559A1A2-476F-3F70-B147-E5637C412D38}.MinSizeRel|x64.ActiveCfg = MinSizeRel|x64
		{D559A1A2-476F-3F70-B147-E5637C412D38}.MinSizeRel|x64.Build.0 = MinSizeRel|x64
		{D559A1A2-476F-3F70-B147-E5637C412D38}.RelWithDebInfo|x64.ActiveCfg = RelWithDebInfo|x64
		{D559A1A2-476F-3F70-B147-E5637C412D38}.RelWithDebInfo|x64.Build.0 = RelWithDebInfo|x64
		{548302F0-4144-3D90-A4A3-B8D0243D077F}.Debug|x64.ActiveCfg = Debug|x64
		{548302F0-4144-3D90-A4A3-B8D0243D077F}.Release|x64.ActiveCfg = Release|x64
		{548302F0-4144-3D90-A4A3-B8D0243D077F}.MinSizeRel|x64.ActiveCfg = MinSizeRel|x64
		{548302F0-4144-3D90-A4A3-B8D0243D077F}.RelWithDebInfo|x64.ActiveCfg = RelWithDebInfo|x64
		{55D7B6C2-0A0D-323B-96B7-5CBFE2E4B8D7}.Debug|x64.ActiveCfg = Debug|x64
		{55D7B6C2-0A0D-323B-96B7-5CBFE2E4B8D7}.Release|x64.ActiveCfg = Release|x64
		{55D7B6C2-0A0D-323B-96B7-5CBFE2E4B8D7}.MinSizeRel|x64.ActiveCfg = MinSizeRel|x64
		{55D7B6C2-0A0D-323B-96B7-5CBFE2E4B8D7}.RelWithDebInfo|x64.ActiveCfg = RelWithDebInfo|x64
		{57A3CD7D-D6A6-38D7-A694-F0C7D07A5E48}.Debug|x64.ActiveCfg = Debug|x64
		{57A3CD7D-D6A6-38D7-A694-F0C7D07A5E48}.Debug|x64.Build.0 = Debug|x64
		{57A3CD7D-D6A6-38D7-A694-F0C7D07A5E48}.Release|x64.ActiveCfg = Release|x64
		{57A3CD7D-D6A6-38D7-A694-F0C7D07A5E48}.Release|x64.Build.0 = Release|x64
		{57A3CD7D-D6A6-38D7-A694-F0C7D07A5E48}.MinSizeRel|x64.ActiveCfg = MinSizeRel|x64
		{57A3CD7D-D6A6-38D7-A694-F0C7D07A5E48}.MinSizeRel|x64.Build.0 = MinSizeRel|x64
		{57A3CD7D-D6A6-38D7-A694-F0C7D07A5E48}.RelWithDebInfo|x64.ActiveCfg = RelWithDebInfo|x64
		{57A3CD7D-D6A6-38D7-A694-F0C7D07A5E48}.RelWithDebInfo|x64.Build.0 = RelWithDebInfo|x64
		{A4C7B28F-C336-3B1C-A085-29F476EF7FA5}.Debug|x64.ActiveCfg = Debug|x64
		{A4C7B28F-C336-3B1C-A085-29F476EF7FA5}.Debug|x64.Build.0 = Debug|x64
		{A4C7B28F-C336-3B1C-A085-29F476EF7FA5}.Release|x64.ActiveCfg = Release|x64
		{A4C7B28F-C336-3B1C-A085-29F476EF7FA5}.Release|x64.Build.0 = Release|x64
		{A4C7B28F-C336-3B1C-A085-29F476EF7FA5}.MinSizeRel|x64.ActiveCfg = MinSizeRel|x64
		{A4C7B28F-C336-3B1C-A085-29F476EF7FA5}.MinSizeRel|x64.Build.0 = MinSizeRel|x64
		{A4C7B28F-C336-3B1C-A085-29F476EF7FA5}.RelWithDebInfo|x64.ActiveCfg = RelWithDebInfo|x64
		{A4C7B28F-C336-3B1C-A085-29F476EF7FA5}.RelWithDebInfo|x64.Build.0 = RelWithDebInfo|x64
		{9C239F7B-C9CF-3C64-BA98-CB2850CF4F02}.Debug|x64.ActiveCfg = Debug|x64
		{9C239F7B-C9CF-3C64-BA98-CB2850CF4F02}.Debug|x64.Build.0 = Debug|x64
		{9C239F7B-C9CF-3C64-BA98-CB2850CF4F02}.Release|x64.ActiveCfg = Release|x64
		{9C239F7B-C9CF-3C64-BA98-CB2850CF4F02}.Release|x64.Build.0 = Release|x64
		{9C239F7B-C9CF-3C64-BA98-CB2850CF4F02}.MinSizeRel|x64.ActiveCfg = MinSizeRel|x64
		{9C239F7B-C9CF-3C64-BA98-CB2850CF4F02}.MinSizeRel|x64.Build.0 = MinSizeRel|x64
		{9C239F7B-C9CF-3C64-BA98-CB2850CF4F02}.RelWithDebInfo|x64.ActiveCfg = RelWithDebInfo|x64
		{9C239F7B-C9CF-3C64-BA98-CB2850CF4F02}.RelWithDebInfo|x64.Build.0 = RelWithDebInfo|x64
		{6192691D-6DEC-3B34-A47A-B5C1819A9C48}.Debug|x64.ActiveCfg = Debug|x64
		{6192691D-6DEC-3B34-A47A-B5C1819A9C48}.Debug|x64.Build.0 = Debug|x64
		{6192691D-6DEC-3B34-A47A-B5C1819A9C48}.Release|x64.ActiveCfg = Release|x64
		{6192691D-6DEC-3B34-A47A-B5C1819A9C48}.Release|x64.Build.0 = Release|x64
		{6192691D-6DEC-3B34-A47A-B5C1819A9C48}.MinSizeRel|x64.ActiveCfg = MinSizeRel|x64
		{6192691D-6DEC-3B34-A47A-B5C1819A9C48}.MinSizeRel|x64.Build.0 = MinSizeRel|x64
		{6192691D-6DEC-3B34-A47A-B5C1819A9C48}.RelWithDebInfo|x64.ActiveCfg = RelWithDebInfo|x64
		{6192691D-6DEC-3B34-A47A-B5C1819A9C48}.RelWithDebInfo|x64.Build.0 = RelWithDebInfo|x64
	EndGlobalSection
	GlobalSection(ExtensibilityGlobals) = postSolution
		SolutionGuid = {F552AD02-4083-36EC-B9A0-BD0D6B6591BB}
	EndGlobalSection
	GlobalSection(ExtensibilityAddIns) = postSolution
	EndGlobalSection
EndGlobal
